
Microsoft Visual Studio Solution File, Format Version 12.00
# Visual Studio Version 16
VisualStudioVersion = 16.0.30320.27
MinimumVisualStudioVersion = 10.0.40219.1
Project("{9A19103F-16F7-4668-BE54-9A1E7A4F7556}") = "View.Drawing", "View.Drawing\View.Drawing.csproj", "{24A965F1-AE66-4A49-A070-7CBC8C2DA7C6}"
EndProject
Project("{9A19103F-16F7-4668-BE54-9A1E7A4F7556}") = "View.Windows.Forms", "View.Windows.Forms\View.Windows.Forms.csproj", "{7C2DA92F-4EC6-4A54-BBF1-722C63E7FB0D}"
EndProject
Project("{FAE04EC0-301F-11D3-BF4B-00C04F79EFBC}") = "View.Windows.Forms.Controls", "View.Windows.Forms.Controls\View.Windows.Forms.Controls.csproj", "{322766AD-42C8-49FA-8355-B397AFC629AB}"
EndProject
Project("{FAE04EC0-301F-11D3-BF4B-00C04F79EFBC}") = "View.Console.Test", "View.Console.Test\View.Console.Test.csproj", "{DDB8FBD3-BE17-4A83-AE88-876105CB8FA1}"
EndProject
Global
	GlobalSection(SolutionConfigurationPlatforms) = preSolution
		Debug|Any CPU = Debug|Any CPU
		Release|Any CPU = Release|Any CPU
	EndGlobalSection
	GlobalSection(ProjectConfigurationPlatforms) = postSolution
		{24A965F1-AE66-4A49-A070-7CBC8C2DA7C6}.Debug|Any CPU.ActiveCfg = Debug|Any CPU
		{24A965F1-AE66-4A49-A070-7CBC8C2DA7C6}.Debug|Any CPU.Build.0 = Debug|Any CPU
		{24A965F1-AE66-4A49-A070-7CBC8C2DA7C6}.Release|Any CPU.ActiveCfg = Release|Any CPU
		{24A965F1-AE66-4A49-A070-7CBC8C2DA7C6}.Release|Any CPU.Build.0 = Release|Any CPU
		{7C2DA92F-4EC6-4A54-BBF1-722C63E7FB0D}.Debug|Any CPU.ActiveCfg = Debug|Any CPU
		{7C2DA92F-4EC6-4A54-BBF1-722C63E7FB0D}.Debug|Any CPU.Build.0 = Debug|Any CPU
		{7C2DA92F-4EC6-4A54-BBF1-722C63E7FB0D}.Release|Any CPU.ActiveCfg = Release|Any CPU
		{7C2DA92F-4EC6-4A54-BBF1-722C63E7FB0D}.Release|Any CPU.Build.0 = Release|Any CPU
		{322766AD-42C8-49FA-8355-B397AFC629AB}.Debug|Any CPU.ActiveCfg = Debug|Any CPU
		{322766AD-42C8-49FA-8355-B397AFC629AB}.Debug|Any CPU.Build.0 = Debug|Any CPU
		{322766AD-42C8-49FA-8355-B397AFC629AB}.Release|Any CPU.ActiveCfg = Release|Any CPU
		{322766AD-42C8-49FA-8355-B397AFC629AB}.Release|Any CPU.Build.0 = Release|Any CPU
		{DDB8FBD3-BE17-4A83-AE88-876105CB8FA1}.Debug|Any CPU.ActiveCfg = Debug|Any CPU
		{DDB8FBD3-BE17-4A83-AE88-876105CB8FA1}.Debug|Any CPU.Build.0 = Debug|Any CPU
		{DDB8FBD3-BE17-4A83-AE88-876105CB8FA1}.Release|Any CPU.ActiveCfg = Release|Any CPU
		{DDB8FBD3-BE17-4A83-AE88-876105CB8FA1}.Release|Any CPU.Build.0 = Release|Any CPU
	EndGlobalSection
	GlobalSection(SolutionProperties) = preSolution
		HideSolutionNode = FALSE
	EndGlobalSection
	GlobalSection(ExtensibilityGlobals) = postSolution
		SolutionGuid = {A138938B-FB92-4C32-B65C-C40247481042}
	EndGlobalSection
EndGlobal
